
Microsoft Visual Studio Solution File, Format Version 12.00
# Visual Studio 2015
Project("{FAE04EC0-301F-11D3-BF4B-00C04F79EFBC}") = "sequence.CSharp.Plugins", "sequence.CSharp.Plugins.csproj", "{F6D13C2D-2B9B-388D-DB7E-EC28BC10A70A}"
EndProject
Project("{FAE04EC0-301F-11D3-BF4B-00C04F79EFBC}") = "sequence.CSharp", "sequence.CSharp.csproj", "{6933C273-093A-F67D-8091-113469234B93}"
EndProject
Project("{FAE04EC0-301F-11D3-BF4B-00C04F79EFBC}") = "sequence.CSharp.Editor", "sequence.CSharp.Editor.csproj", "{31266FC6-FAF9-11C3-8370-30282A4BE84E}"
EndProject
Global
	GlobalSection(SolutionConfigurationPlatforms) = preSolution
		Debug|Any CPU = Debug|Any CPU
		Release|Any CPU = Release|Any CPU
	EndGlobalSection
	GlobalSection(ProjectConfigurationPlatforms) = postSolution
		{F6D13C2D-2B9B-388D-DB7E-EC28BC10A70A}.Debug|Any CPU.ActiveCfg = Debug|Any CPU
		{F6D13C2D-2B9B-388D-DB7E-EC28BC10A70A}.Debug|Any CPU.Build.0 = Debug|Any CPU
		{F6D13C2D-2B9B-388D-DB7E-EC28BC10A70A}.Release|Any CPU.ActiveCfg = Release|Any CPU
		{F6D13C2D-2B9B-388D-DB7E-EC28BC10A70A}.Release|Any CPU.Build.0 = Release|Any CPU
		{6933C273-093A-F67D-8091-113469234B93}.Debug|Any CPU.ActiveCfg = Debug|Any CPU
		{6933C273-093A-F67D-8091-113469234B93}.Debug|Any CPU.Build.0 = Debug|Any CPU
		{6933C273-093A-F67D-8091-113469234B93}.Release|Any CPU.ActiveCfg = Release|Any CPU
		{6933C273-093A-F67D-8091-113469234B93}.Release|Any CPU.Build.0 = Release|Any CPU
		{31266FC6-FAF9-11C3-8370-30282A4BE84E}.Debug|Any CPU.ActiveCfg = Debug|Any CPU
		{31266FC6-FAF9-11C3-8370-30282A4BE84E}.Debug|Any CPU.Build.0 = Debug|Any CPU
		{31266FC6-FAF9-11C3-8370-30282A4BE84E}.Release|Any CPU.ActiveCfg = Release|Any CPU
		{31266FC6-FAF9-11C3-8370-30282A4BE84E}.Release|Any CPU.Build.0 = Release|Any CPU
	EndGlobalSection
	GlobalSection(SolutionProperties) = preSolution
		HideSolutionNode = FALSE
	EndGlobalSection
EndGlobal
